
Microsoft Visual Studio Solution File, Format Version 12.00
# Visual Studio Version 17
VisualStudioVersion = 17.0.31912.275
MinimumVisualStudioVersion = 10.0.40219.1
Project("{FAE04EC0-301F-11D3-BF4B-00C04F79EFBC}") = "PartyInvites", "PartyInvites.csproj", "{B31355EC-15C2-4FFF-8B4F-A8A54E5F5254}"
EndProject
Global
	GlobalSection(SolutionConfigurationPlatforms) = preSolution
		Debug|Any CPU = Debug|Any CPU
		Release|Any CPU = Release|Any CPU
	EndGlobalSection
	GlobalSection(ProjectConfigurationPlatforms) = postSolution
		{B31355EC-15C2-4FFF-8B4F-A8A54E5F5254}.Debug|Any CPU.ActiveCfg = Debug|Any CPU
		{B31355EC-15C2-4FFF-8B4F-A8A54E5F5254}.Debug|Any CPU.Build.0 = Debug|Any CPU
		{B31355EC-15C2-4FFF-8B4F-A8A54E5F5254}.Release|Any CPU.ActiveCfg = Release|Any CPU
		{B31355EC-15C2-4FFF-8B4F-A8A54E5F5254}.Release|Any CPU.Build.0 = Release|Any CPU
	EndGlobalSection
	GlobalSection(SolutionProperties) = preSolution
		HideSolutionNode = FALSE
	EndGlobalSection
	GlobalSection(ExtensibilityGlobals) = postSolution
		SolutionGuid = {A17F08BD-84DC-41CE-96E2-F3871400B577}
	EndGlobalSection
EndGlobal
